
Microsoft Visual Studio Solution File, Format Version 12.00
# Visual Studio Version 17
VisualStudioVersion = 17.1.32421.90
MinimumVisualStudioVersion = 10.0.40219.1
Project("{FAE04EC0-301F-11D3-BF4B-00C04F79EFBC}") = "Common", "Common\Common.csproj", "{C49087FD-2387-4EBE-9FBD-F2A9AC67BD33}"
EndProject
Global
	GlobalSection(SolutionConfigurationPlatforms) = preSolution
		Debug|Any CPU = Debug|Any CPU
		Release|Any CPU = Release|Any CPU
	EndGlobalSection
	GlobalSection(ProjectConfigurationPlatforms) = postSolution
		{C49087FD-2387-4EBE-9FBD-F2A9AC67BD33}.Debug|Any CPU.ActiveCfg = Debug|Any CPU
		{C49087FD-2387-4EBE-9FBD-F2A9AC67BD33}.Debug|Any CPU.Build.0 = Debug|Any CPU
		{C49087FD-2387-4EBE-9FBD-F2A9AC67BD33}.Release|Any CPU.ActiveCfg = Release|Any CPU
		{C49087FD-2387-4EBE-9FBD-F2A9AC67BD33}.Release|Any CPU.Build.0 = Release|Any CPU
	EndGlobalSection
	GlobalSection(SolutionProperties) = preSolution
		HideSolutionNode = FALSE
	EndGlobalSection
	GlobalSection(ExtensibilityGlobals) = postSolution
		SolutionGuid = {81129A13-91A8-4D5D-AEC7-5047732BF8D0}
	EndGlobalSection
EndGlobal
